{
  "name": "dependabot-issue-14151",
  "version": "1.0.0",
  "lockfileVersion": 2,
  "requires": true,
  "packages": {
    "": {
      "name": "dependabot-issue-14151",
      "version": "1.0.0",
      "dependencies": {
        "ms": "2.1.0"
      }
    },
    "node_modules/ms": {
      "version": "2.1.0",
      "resolved": "https://registry.npmjs.org/ms/-/ms-2.1.0.tgz",
      "integrity": "sha512-gVZHb22Z7YDyiiaoGld9LD4tUuDDxdkDJUEfTIej9LFePFqiE9JxI0qTFfu6tD7Wu03lg7skmVwTmA6XkeMlPQ=="
    }
  },
  "dependencies": {
    "ms": {
      "version": "2.1.0",
      "resolved": "https://registry.npmjs.org/ms/-/ms-2.1.0.tgz",
      "integrity": "sha512-gVZHb22Z7YDyiiaoGld9LD4tUuDDxdkDJUEfTIej9LFePFqiE9JxI0qTFfu6tD7Wu03lg7skmVwTmA6XkeMlPQ=="
    }
  }
}
