{
  "name": "dependabot-issue-14151",
  "version": "1.0.0",
  "lockfileVersion": 2,
  "requires": true,
  "packages": {
    "": {
      "name": "dependabot-issue-14151",
      "version": "1.0.0",
      "dependencies": {
        "etag": "1.8.0"
      }
    },
    "node_modules/etag": {
      "version": "1.8.0",
      "resolved": "https://registry.npmjs.org/etag/-/etag-1.8.0.tgz",
      "integrity": "sha512-RG0ePR0M0L4oNKHXVpNbHWpoPFGHoOc3y0UprXR2JMMSmW6uy1WOJ3FtHgGgr/mFeDanyCPJTrHqBqSABPMeg=="
    }
  },
  "dependencies": {
    "etag": {
      "version": "1.8.0",
      "resolved": "https://registry.npmjs.org/etag/-/etag-1.8.0.tgz",
      "integrity": "sha512-RG0ePR0M0L4oNKHXVpNbHWpoPFGHoOc3y0UprXR2JMMSmW6uy1WOJ3FtHgGgr/mFeDanyCPJTrHqBqSABPMeg=="
    }
  }
}
